// !$*UTF8*$!
{
	archiveVersion = 1;
	classes = {
	};
	objectVersion = 56;
	objects = {

/* Begin PBXBuildFile section */
		5F28D68729245482009730C0 /* main.c in Sources */ = {isa = PBXBuildFile; fileRef = 5F28D68629245482009730C0 /* main.c */; };
		5F28D68F29245523009730C0 /* graph.c in Sources */ = {isa = PBXBuildFile; fileRef = 5F28D68E29245523009730C0 /* graph.c */; };
		5F28D69229245554009730C0 /* list.c in Sources */ = {isa = PBXBuildFile; fileRef = 5F28D69129245554009730C0 /* list.c */; };
		5F28D6952924555B009730C0 /* set.c in Sources */ = {isa = PBXBuildFile; fileRef = 5F28D6942924555B009730C0 /* set.c */; };
		5F28D69829246A44009730C0 /* dfs.c in Sources */ = {isa = PBXBuildFile; fileRef = 5F28D69729246A44009730C0 /* dfs.c */; };
/* End PBXBuildFile section */

/* Begin PBXCopyFilesBuildPhase section */
		5F28D68129245482009730C0 /* CopyFiles */ = {
			isa = PBXCopyFilesBuildPhase;
			buildActionMask = 2147483647;
			dstPath = /usr/share/man/man1/;
			dstSubfolderSpec = 0;
			files = (
			);
			runOnlyForDeploymentPostprocessing = 1;
		};
/* End PBXCopyFilesBuildPhase section */

/* Begin PBXFileReference section */
		5F28D68329245482009730C0 /* maze-path-finder */ = {isa = PBXFileReference; explicitFileType = "compiled.mach-o.executable"; includeInIndex = 0; path = "maze-path-finder"; sourceTree = BUILT_PRODUCTS_DIR; };
		5F28D68629245482009730C0 /* main.c */ = {isa = PBXFileReference; lastKnownFileType = sourcecode.c.c; path = main.c; sourceTree = "<group>"; };
		5F28D68D29245523009730C0 /* graph.h */ = {isa = PBXFileReference; lastKnownFileType = sourcecode.c.h; path = graph.h; sourceTree = "<group>"; };
		5F28D68E29245523009730C0 /* graph.c */ = {isa = PBXFileReference; lastKnownFileType = sourcecode.c.c; path = graph.c; sourceTree = "<group>"; };
		5F28D69029245554009730C0 /* list.h */ = {isa = PBXFileReference; lastKnownFileType = sourcecode.c.h; path = list.h; sourceTree = "<group>"; };
		5F28D69129245554009730C0 /* list.c */ = {isa = PBXFileReference; lastKnownFileType = sourcecode.c.c; path = list.c; sourceTree = "<group>"; };
		5F28D6932924555B009730C0 /* set.h */ = {isa = PBXFileReference; lastKnownFileType = sourcecode.c.h; path = set.h; sourceTree = "<group>"; };
		5F28D6942924555B009730C0 /* set.c */ = {isa = PBXFileReference; lastKnownFileType = sourcecode.c.c; path = set.c; sourceTree = "<group>"; };
		5F28D69629246A44009730C0 /* dfs.h */ = {isa = PBXFileReference; lastKnownFileType = sourcecode.c.h; path = dfs.h; sourceTree = "<group>"; };
		5F28D69729246A44009730C0 /* dfs.c */ = {isa = PBXFileReference; lastKnownFileType = sourcecode.c.c; path = dfs.c; sourceTree = "<group>"; };
		5F28D69929247CDC009730C0 /* main.txt */ = {isa = PBXFileReference; fileEncoding = 4; lastKnownFileType = text; path = main.txt; sourceTree = "<group>"; };
/* End PBXFileReference section */

/* Begin PBXFrameworksBuildPhase section */
		5F28D68029245482009730C0 /* Frameworks */ = {
			isa = PBXFrameworksBuildPhase;
			buildActionMask = 2147483647;
			files = (
			);
			runOnlyForDeploymentPostprocessing = 0;
		};
/* End PBXFrameworksBuildPhase section */

/* Begin PBXGroup section */
		5F28D67A29245482009730C0 = {
			isa = PBXGroup;
			children = (
				5F28D68529245482009730C0 /* maze-path-finder */,
				5F28D68429245482009730C0 /* Products */,
			);
			sourceTree = "<group>";
		};
		5F28D68429245482009730C0 /* Products */ = {
			isa = PBXGroup;
			children = (
				5F28D68329245482009730C0 /* maze-path-finder */,
			);
			name = Products;
			sourceTree = "<group>";
		};
		5F28D68529245482009730C0 /* maze-path-finder */ = {
			isa = PBXGroup;
			children = (
				5F28D68629245482009730C0 /* main.c */,
				5F28D69929247CDC009730C0 /* main.txt */,
				5F28D68D29245523009730C0 /* graph.h */,
				5F28D68E29245523009730C0 /* graph.c */,
				5F28D69029245554009730C0 /* list.h */,
				5F28D69129245554009730C0 /* list.c */,
				5F28D6932924555B009730C0 /* set.h */,
				5F28D6942924555B009730C0 /* set.c */,
				5F28D69629246A44009730C0 /* dfs.h */,
				5F28D69729246A44009730C0 /* dfs.c */,
			);
			path = "maze-path-finder";
			sourceTree = "<group>";
		};
/* End PBXGroup section */

/* Begin PBXNativeTarget section */
		5F28D68229245482009730C0 /* maze-path-finder */ = {
			isa = PBXNativeTarget;
			buildConfigurationList = 5F28D68A29245482009730C0 /* Build configuration list for PBXNativeTarget "maze-path-finder" */;
			buildPhases = (
				5F28D67F29245482009730C0 /* Sources */,
				5F28D68029245482009730C0 /* Frameworks */,
				5F28D68129245482009730C0 /* CopyFiles */,
			);
			buildRules = (
			);
			dependencies = (
			);
			name = "maze-path-finder";
			productName = "maze-path-finder";
			productReference = 5F28D68329245482009730C0 /* maze-path-finder */;
			productType = "com.apple.product-type.tool";
		};
/* End PBXNativeTarget section */

/* Begin PBXProject section */
		5F28D67B29245482009730C0 /* Project object */ = {
			isa = PBXProject;
			attributes = {
				BuildIndependentTargetsInParallel = 1;
				LastUpgradeCheck = 1410;
				TargetAttributes = {
					5F28D68229245482009730C0 = {
						CreatedOnToolsVersion = 14.1;
					};
				};
			};
			buildConfigurationList = 5F28D67E29245482009730C0 /* Build configuration list for PBXProject "maze-path-finder" */;
			compatibilityVersion = "Xcode 14.0";
			developmentRegion = en;
			hasScannedForEncodings = 0;
			knownRegions = (
				en,
				Base,
			);
			mainGroup = 5F28D67A29245482009730C0;
			productRefGroup = 5F28D68429245482009730C0 /* Products */;
			projectDirPath = "";
			projectRoot = "";
			targets = (
				5F28D68229245482009730C0 /* maze-path-finder */,
			);
		};
/* End PBXProject section */

/* Begin PBXSourcesBuildPhase section */
		5F28D67F29245482009730C0 /* Sources */ = {
			isa = PBXSourcesBuildPhase;
			buildActionMask = 2147483647;
			files = (
				5F28D69229245554009730C0 /* list.c in Sources */,
				5F28D69829246A44009730C0 /* dfs.c in Sources */,
				5F28D68F29245523009730C0 /* graph.c in Sources */,
				5F28D6952924555B009730C0 /* set.c in Sources */,
				5F28D68729245482009730C0 /* main.c in Sources */,
			);
			runOnlyForDeploymentPostprocessing = 0;
		};
/* End PBXSourcesBuildPhase section */

/* Begin XCBuildConfiguration section */
		5F28D68829245482009730C0 /* Debug */ = {
			isa = XCBuildConfiguration;
			buildSettings = {
				ALWAYS_SEARCH_USER_PATHS = NO;
				CLANG_ANALYZER_NONNULL = YES;
				CLANG_ANALYZER_NUMBER_OBJECT_CONVERSION = YES_AGGRESSIVE;
				CLANG_CXX_LANGUAGE_STANDARD = "gnu++20";
				CLANG_ENABLE_MODULES = YES;
				CLANG_ENABLE_OBJC_ARC = YES;
				CLANG_ENABLE_OBJC_WEAK = YES;
				CLANG_WARN_BLOCK_CAPTURE_AUTORELEASING = YES;
				CLANG_WARN_BOOL_CONVERSION = YES;
				CLANG_WARN_COMMA = YES;
				CLANG_WARN_CONSTANT_CONVERSION = YES;
				CLANG_WARN_DEPRECATED_OBJC_IMPLEMENTATIONS = YES;
				CLANG_WARN_DIRECT_OBJC_ISA_USAGE = YES_ERROR;
				CLANG_WARN_DOCUMENTATION_COMMENTS = YES;
				CLANG_WARN_EMPTY_BODY = YES;
				CLANG_WARN_ENUM_CONVERSION = YES;
				CLANG_WARN_INFINITE_RECURSION = YES;
				CLANG_WARN_INT_CONVERSION = YES;
				CLANG_WARN_NON_LITERAL_NULL_CONVERSION = YES;
				CLANG_WARN_OBJC_IMPLICIT_RETAIN_SELF = YES;
				CLANG_WARN_OBJC_LITERAL_CONVERSION = YES;
				CLANG_WARN_OBJC_ROOT_CLASS = YES_ERROR;
				CLANG_WARN_QUOTED_INCLUDE_IN_FRAMEWORK_HEADER = YES;
				CLANG_WARN_RANGE_LOOP_ANALYSIS = YES;
				CLANG_WARN_STRICT_PROTOTYPES = YES;
				CLANG_WARN_SUSPICIOUS_MOVE = YES;
				CLANG_WARN_UNGUARDED_AVAILABILITY = YES_AGGRESSIVE;
				CLANG_WARN_UNREACHABLE_CODE = YES;
				CLANG_WARN__DUPLICATE_METHOD_MATCH = YES;
				COPY_PHASE_STRIP = NO;
				DEBUG_INFORMATION_FORMAT = dwarf;
				ENABLE_STRICT_OBJC_MSGSEND = YES;
				ENABLE_TESTABILITY = YES;
				GCC_C_LANGUAGE_STANDARD = gnu11;
				GCC_DYNAMIC_NO_PIC = NO;
				GCC_NO_COMMON_BLOCKS = YES;
				GCC_OPTIMIZATION_LEVEL = 0;
				GCC_PREPROCESSOR_DEFINITIONS = (
					"DEBUG=1",
					"$(inherited)",
				);
				GCC_WARN_64_TO_32_BIT_CONVERSION = YES;
				GCC_WARN_ABOUT_RETURN_TYPE = YES_ERROR;
				GCC_WARN_UNDECLARED_SELECTOR = YES;
				GCC_WARN_UNINITIALIZED_AUTOS = YES_AGGRESSIVE;
				GCC_WARN_UNUSED_FUNCTION = YES;
				GCC_WARN_UNUSED_VARIABLE = YES;
				MACOSX_DEPLOYMENT_TARGET = 13.0;
				MTL_ENABLE_DEBUG_INFO = INCLUDE_SOURCE;
				MTL_FAST_MATH = YES;
				ONLY_ACTIVE_ARCH = YES;
				SDKROOT = macosx;
			};
			name = Debug;
		};
		5F28D68929245482009730C0 /* Release */ = {
			isa = XCBuildConfiguration;
			buildSettings = {
				ALWAYS_SEARCH_USER_PATHS = NO;
				CLANG_ANALYZER_NONNULL = YES;
				CLANG_ANALYZER_NUMBER_OBJECT_CONVERSION = YES_AGGRESSIVE;
				CLANG_CXX_LANGUAGE_STANDARD = "gnu++20";
				CLANG_ENABLE_MODULES = YES;
				CLANG_ENABLE_OBJC_ARC = YES;
				CLANG_ENABLE_OBJC_WEAK = YES;
				CLANG_WARN_BLOCK_CAPTURE_AUTORELEASING = YES;
				CLANG_WARN_BOOL_CONVERSION = YES;
				CLANG_WARN_COMMA = YES;
				CLANG_WARN_CONSTANT_CONVERSION = YES;
				CLANG_WARN_DEPRECATED_OBJC_IMPLEMENTATIONS = YES;
				CLANG_WARN_DIRECT_OBJC_ISA_USAGE = YES_ERROR;
				CLANG_WARN_DOCUMENTATION_COMMENTS = YES;
				CLANG_WARN_EMPTY_BODY = YES;
				CLANG_WARN_ENUM_CONVERSION = YES;
				CLANG_WARN_INFINITE_RECURSION = YES;
				CLANG_WARN_INT_CONVERSION = YES;
				CLANG_WARN_NON_LITERAL_NULL_CONVERSION = YES;
				CLANG_WARN_OBJC_IMPLICIT_RETAIN_SELF = YES;
				CLANG_WARN_OBJC_LITERAL_CONVERSION = YES;
				CLANG_WARN_OBJC_ROOT_CLASS = YES_ERROR;
				CLANG_WARN_QUOTED_INCLUDE_IN_FRAMEWORK_HEADER = YES;
				CLANG_WARN_RANGE_LOOP_ANALYSIS = YES;
				CLANG_WARN_STRICT_PROTOTYPES = YES;
				CLANG_WARN_SUSPICIOUS_MOVE = YES;
				CLANG_WARN_UNGUARDED_AVAILABILITY = YES_AGGRESSIVE;
				CLANG_WARN_UNREACHABLE_CODE = YES;
				CLANG_WARN__DUPLICATE_METHOD_MATCH = YES;
				COPY_PHASE_STRIP = NO;
				DEBUG_INFORMATION_FORMAT = "dwarf-with-dsym";
				ENABLE_NS_ASSERTIONS = NO;
				ENABLE_STRICT_OBJC_MSGSEND = YES;
				GCC_C_LANGUAGE_STANDARD = gnu11;
				GCC_NO_COMMON_BLOCKS = YES;
				GCC_WARN_64_TO_32_BIT_CONVERSION = YES;
				GCC_WARN_ABOUT_RETURN_TYPE = YES_ERROR;
				GCC_WARN_UNDECLARED_SELECTOR = YES;
				GCC_WARN_UNINITIALIZED_AUTOS = YES_AGGRESSIVE;
				GCC_WARN_UNUSED_FUNCTION = YES;
				GCC_WARN_UNUSED_VARIABLE = YES;
				MACOSX_DEPLOYMENT_TARGET = 13.0;
				MTL_ENABLE_DEBUG_INFO = NO;
				MTL_FAST_MATH = YES;
				SDKROOT = macosx;
			};
			name = Release;
		};
		5F28D68B29245482009730C0 /* Debug */ = {
			isa = XCBuildConfiguration;
			buildSettings = {
				CODE_SIGN_STYLE = Automatic;
				DEVELOPMENT_TEAM = PVS729XMSP;
				ENABLE_HARDENED_RUNTIME = YES;
				PRODUCT_NAME = "$(TARGET_NAME)";
			};
			name = Debug;
		};
		5F28D68C29245482009730C0 /* Release */ = {
			isa = XCBuildConfiguration;
			buildSettings = {
				CODE_SIGN_STYLE = Automatic;
				DEVELOPMENT_TEAM = PVS729XMSP;
				ENABLE_HARDENED_RUNTIME = YES;
				PRODUCT_NAME = "$(TARGET_NAME)";
			};
			name = Release;
		};
/* End XCBuildConfiguration section */

/* Begin XCConfigurationList section */
		5F28D67E29245482009730C0 /* Build configuration list for PBXProject "maze-path-finder" */ = {
			isa = XCConfigurationList;
			buildConfigurations = (
				5F28D68829245482009730C0 /* Debug */,
				5F28D68929245482009730C0 /* Release */,
			);
			defaultConfigurationIsVisible = 0;
			defaultConfigurationName = Release;
		};
		5F28D68A29245482009730C0 /* Build configuration list for PBXNativeTarget "maze-path-finder" */ = {
			isa = XCConfigurationList;
			buildConfigurations = (
				5F28D68B29245482009730C0 /* Debug */,
				5F28D68C29245482009730C0 /* Release */,
			);
			defaultConfigurationIsVisible = 0;
			defaultConfigurationName = Release;
		};
/* End XCConfigurationList section */
	};
	rootObject = 5F28D67B29245482009730C0 /* Project object */;
}
